<?xml version="1.0" encoding="utf-8"?>
<Project ToolsVersion="4.0" xmlns="http://schemas.microsoft.com/developer/msbuild/2003">
  <ItemGroup>
    <Filter Include="Source Files">
      <UniqueIdentifier>{4FC737F1-C7A5-4376-A066-2A32D752A2FF}</UniqueIdentifier>
      <Extensions>cpp;c;cc;cxx;c++;cppm;ixx;def;odl;idl;hpj;bat;asm;asmx</Extensions>
    </Filter>
    <Filter Include="Header Files">
      <UniqueIdentifier>{93995380-89BD-4b04-88EB-625FBE52EBFB}</UniqueIdentifier>
      <Extensions>h;hh;hpp;hxx;h++;hm;inl;inc;ipp;xsd</Extensions>
    </Filter>
    <Filter Include="Resource Files">
      <UniqueIdentifier>{67DA6AB6-F800-4c08-8B7A-83BB121AAD01}</UniqueIdentifier>
      <Extensions>rc;ico;cur;bmp;dlg;rc2;rct;bin;rgs;gif;jpg;jpeg;jpe;resx;tiff;tif;png;wav;mfcribbon-ms</Extensions>
    </Filter>
    <Filter Include="Header Files\core">
      <UniqueIdentifier>{d9e52d66-4ee8-46a1-9c99-571c5e40894a}</UniqueIdentifier>
    </Filter>
    <Filter Include="Header Files\options">
      <UniqueIdentifier>{5397eea7-af46-41cd-8c96-146865d5879f}</UniqueIdentifier>
    </Filter>
    <Filter Include="Header Files\utils">
      <UniqueIdentifier>{adbd5a7f-191a-431f-a84b-70820eb365ab}</UniqueIdentifier>
    </Filter>
    <Filter Include="Source Files\core">
      <UniqueIdentifier>{0408cb65-bca2-454c-880c-bebeb96a107a}</UniqueIdentifier>
    </Filter>
    <Filter Include="Source Files\options">
      <UniqueIdentifier>{3f81ee7e-e4c0-43d7-8b90-a8d5989b0d9c}</UniqueIdentifier>
    </Filter>
    <Filter Include="Source Files\utils">
      <UniqueIdentifier>{2503bcf1-1ab5-444e-8384-a90b895be451}</UniqueIdentifier>
    </Filter>
  </ItemGroup>
  <ItemGroup>
    <ClCompile Include="main.cpp">
      <Filter>Source Files</Filter>
    </ClCompile>
  </ItemGroup>
  <ItemGroup>
    <ClInclude Include="OptionContract.hpp">
      <Filter>Header Files\core</Filter>
    </ClInclude>
    <ClInclude Include="NormalDistribution.hpp">
      <Filter>Header Files\utils</Filter>
    </ClInclude>
    <ClInclude Include="EuropeanOption.hpp">
      <Filter>Header Files\core</Filter>
    </ClInclude>
    <ClInclude Include="EuropeanCall.hpp">
      <Filter>Header Files\options</Filter>
    </ClInclude>
    <ClInclude Include="EuropeanPut.hpp">
      <Filter>Header Files\options</Filter>
    </ClInclude>
    <ClInclude Include="MatrixPricer.hpp">
      <Filter>Header Files\utils</Filter>
    </ClInclude>
  </ItemGroup>
</Project>